# This file is autogenerated, do not edit; changes may be undone by the next 'dep ensure'.


[[projects]]
  branch = "develop"
  name = "github.com/leodido/go-monorepo"
  packages = [
    "amenadiel",
    "angels",
    "lucifer"
  ]
  revision = "2ec990f2e79183f45d943b5f5648fd917fc63f2a"

[solve-meta]
  analyzer-name = "dep"
  analyzer-version = 1
  inputs-digest = "e4124c7c5a4596802379998765b92fd1d9b975b8ca3281f9de16683800ed5288"
  solver-name = "gps-cdcl"
  solver-version = 1
