# This file is autogenerated, do not edit; changes may be undone by the next 'dep ensure'.


[[projects]]
  branch = "develop"
  name = "github.com/leodido/go-monorepo"
  packages = [
    "amenadiel",
    "angels"
  ]
  revision = "8b3a3043dc3b213239b4c0cfb12b234cfa4e4817"

[solve-meta]
  analyzer-name = "dep"
  analyzer-version = 1
  inputs-digest = "7bfd257ec4c695eedcaa80ad5844c60fc2daa427000b75e12783702ad8245fa5"
  solver-name = "gps-cdcl"
  solver-version = 1
