# This file is autogenerated, do not edit; changes may be undone by the next 'dep ensure'.


[[projects]]
  branch = "develop"
  name = "github.com/leodido/go-monorepo"
  packages = [
    "amenadiel",
    "angels",
    "lucifer"
  ]
  revision = "29139b0f8e1eb60c5852d399059a3a0fa63314f0"

[solve-meta]
  analyzer-name = "dep"
  analyzer-version = 1
  inputs-digest = "5207817d3ec8163e84620e847a99c2f7f1cfc13e3a5c72494ba514787775be02"
  solver-name = "gps-cdcl"
  solver-version = 1
